
Microsoft Visual Studio Solution File, Format Version 12.00
# Visual Studio 15
VisualStudioVersion = 15.0.28307.136
MinimumVisualStudioVersion = 10.0.40219.1
Project("{FAE04EC0-301F-11D3-BF4B-00C04F79EFBC}") = "EmployeeDateEntryDLL", "EmployeeDateEntryDLL\EmployeeDateEntryDLL.csproj", "{B317451C-5ADD-406D-828B-11B2B5F5B449}"
EndProject
Global
	GlobalSection(SolutionConfigurationPlatforms) = preSolution
		Debug|Any CPU = Debug|Any CPU
		Release|Any CPU = Release|Any CPU
	EndGlobalSection
	GlobalSection(ProjectConfigurationPlatforms) = postSolution
		{B317451C-5ADD-406D-828B-11B2B5F5B449}.Debug|Any CPU.ActiveCfg = Debug|Any CPU
		{B317451C-5ADD-406D-828B-11B2B5F5B449}.Debug|Any CPU.Build.0 = Debug|Any CPU
		{B317451C-5ADD-406D-828B-11B2B5F5B449}.Release|Any CPU.ActiveCfg = Release|Any CPU
		{B317451C-5ADD-406D-828B-11B2B5F5B449}.Release|Any CPU.Build.0 = Release|Any CPU
	EndGlobalSection
	GlobalSection(SolutionProperties) = preSolution
		HideSolutionNode = FALSE
	EndGlobalSection
	GlobalSection(ExtensibilityGlobals) = postSolution
		SolutionGuid = {D4B1304F-EA37-4D21-8B23-999319A19C72}
	EndGlobalSection
EndGlobal
